
Microsoft Visual Studio Solution File, Format Version 12.00
# Visual Studio 14
VisualStudioVersion = 14.0.25123.0
MinimumVisualStudioVersion = 10.0.40219.1
Project("{FAE04EC0-301F-11D3-BF4B-00C04F79EFBC}") = "ExpenseManager", "ExpenseManager\ExpenseManager.csproj", "{BC9A8EBC-B1E5-4410-A16A-ED97D8784195}"
EndProject
Project("{FAE04EC0-301F-11D3-BF4B-00C04F79EFBC}") = "ExpenseManager.Tests", "ExpenseManager.Tests\ExpenseManager.Tests.csproj", "{BB454A4A-E2B7-4397-B320-06997F1922BD}"
EndProject
Project("{2150E333-8FDC-42A3-9474-1A3956D46DE8}") = "Solution Items", "Solution Items", "{367F1E49-559B-48E3-BE28-F39EECCE2BB3}"
	ProjectSection(SolutionItems) = preProject
		Database\00_Database_DropCreate_ExpenseManager.sql = Database\00_Database_DropCreate_ExpenseManager.sql
		Database\100_InitializeData.sql = Database\100_InitializeData.sql
		Database\SQLBatch_ExpenseManager.sql = Database\SQLBatch_ExpenseManager.sql
		Database\tbl_Account.sql = Database\tbl_Account.sql
		Database\tbl_AccountUser.sql = Database\tbl_AccountUser.sql
		Database\tbl_Category.sql = Database\tbl_Category.sql
		Database\tbl_CategoryMapping.sql = Database\tbl_CategoryMapping.sql
		Database\tbl_Expense.sql = Database\tbl_Expense.sql
		Database\tbl_Payment.sql = Database\tbl_Payment.sql
		Database\tbl_PaymentType.sql = Database\tbl_PaymentType.sql
		Database\tbl_SubCategory.sql = Database\tbl_SubCategory.sql
		Database\tbl_User.sql = Database\tbl_User.sql
	EndProjectSection
EndProject
Global
	GlobalSection(SolutionConfigurationPlatforms) = preSolution
		Debug|Any CPU = Debug|Any CPU
		Release|Any CPU = Release|Any CPU
	EndGlobalSection
	GlobalSection(ProjectConfigurationPlatforms) = postSolution
		{BC9A8EBC-B1E5-4410-A16A-ED97D8784195}.Debug|Any CPU.ActiveCfg = Debug|Any CPU
		{BC9A8EBC-B1E5-4410-A16A-ED97D8784195}.Debug|Any CPU.Build.0 = Debug|Any CPU
		{BC9A8EBC-B1E5-4410-A16A-ED97D8784195}.Release|Any CPU.ActiveCfg = Release|Any CPU
		{BC9A8EBC-B1E5-4410-A16A-ED97D8784195}.Release|Any CPU.Build.0 = Release|Any CPU
		{BB454A4A-E2B7-4397-B320-06997F1922BD}.Debug|Any CPU.ActiveCfg = Debug|Any CPU
		{BB454A4A-E2B7-4397-B320-06997F1922BD}.Debug|Any CPU.Build.0 = Debug|Any CPU
		{BB454A4A-E2B7-4397-B320-06997F1922BD}.Release|Any CPU.ActiveCfg = Release|Any CPU
		{BB454A4A-E2B7-4397-B320-06997F1922BD}.Release|Any CPU.Build.0 = Release|Any CPU
	EndGlobalSection
	GlobalSection(SolutionProperties) = preSolution
		HideSolutionNode = FALSE
	EndGlobalSection
EndGlobal
